
Microsoft Visual Studio Solution File, Format Version 12.00
# Visual Studio Version 16
VisualStudioVersion = 16.0.29926.136
MinimumVisualStudioVersion = 10.0.40219.1
Project("{FAE04EC0-301F-11D3-BF4B-00C04F79EFBC}") = "Garage2", "Garage2\Garage2.csproj", "{27FE8A7D-138A-4584-98F2-8F40E8F6102D}"
EndProject
Global
	GlobalSection(SolutionConfigurationPlatforms) = preSolution
		Debug|Any CPU = Debug|Any CPU
		Release|Any CPU = Release|Any CPU
	EndGlobalSection
	GlobalSection(ProjectConfigurationPlatforms) = postSolution
		{27FE8A7D-138A-4584-98F2-8F40E8F6102D}.Debug|Any CPU.ActiveCfg = Debug|Any CPU
		{27FE8A7D-138A-4584-98F2-8F40E8F6102D}.Debug|Any CPU.Build.0 = Debug|Any CPU
		{27FE8A7D-138A-4584-98F2-8F40E8F6102D}.Release|Any CPU.ActiveCfg = Release|Any CPU
		{27FE8A7D-138A-4584-98F2-8F40E8F6102D}.Release|Any CPU.Build.0 = Release|Any CPU
	EndGlobalSection
	GlobalSection(SolutionProperties) = preSolution
		HideSolutionNode = FALSE
	EndGlobalSection
	GlobalSection(ExtensibilityGlobals) = postSolution
		SolutionGuid = {690EDA3F-A6D4-488D-9425-5C097EB3A7FD}
	EndGlobalSection
EndGlobal
